
Microsoft Visual Studio Solution File, Format Version 12.00
# Visual Studio Version 16
VisualStudioVersion = 16.0.30621.155
MinimumVisualStudioVersion = 10.0.40219.1
Project("{9A19103F-16F7-4668-BE54-9A1E7A4F7556}") = "Animals", "Animals\Animals.csproj", "{ACC6F1BB-C038-4B53-84F4-A05104C21DF8}"
EndProject
Global
	GlobalSection(SolutionConfigurationPlatforms) = preSolution
		Debug|Any CPU = Debug|Any CPU
		Release|Any CPU = Release|Any CPU
	EndGlobalSection
	GlobalSection(ProjectConfigurationPlatforms) = postSolution
		{ACC6F1BB-C038-4B53-84F4-A05104C21DF8}.Debug|Any CPU.ActiveCfg = Debug|Any CPU
		{ACC6F1BB-C038-4B53-84F4-A05104C21DF8}.Debug|Any CPU.Build.0 = Debug|Any CPU
		{ACC6F1BB-C038-4B53-84F4-A05104C21DF8}.Release|Any CPU.ActiveCfg = Release|Any CPU
		{ACC6F1BB-C038-4B53-84F4-A05104C21DF8}.Release|Any CPU.Build.0 = Release|Any CPU
	EndGlobalSection
	GlobalSection(SolutionProperties) = preSolution
		HideSolutionNode = FALSE
	EndGlobalSection
	GlobalSection(ExtensibilityGlobals) = postSolution
		SolutionGuid = {CDB7D073-2B4E-4D32-BDCC-BE6E836F99C7}
	EndGlobalSection
EndGlobal
