
Microsoft Visual Studio Solution File, Format Version 12.00
# Visual Studio Version 16
VisualStudioVersion = 16.0.30621.155
MinimumVisualStudioVersion = 10.0.40219.1
Project("{9A19103F-16F7-4668-BE54-9A1E7A4F7556}") = "P01_Examples", "P01_Examples\P01_Examples.csproj", "{F74CE465-91E3-49D4-AF14-B8782E5AD414}"
EndProject
Project("{9A19103F-16F7-4668-BE54-9A1E7A4F7556}") = "P02_Calculator", "P02_Calculator\P02_Calculator.csproj", "{FCD7DC4E-4A37-47B9-BF29-80356769179E}"
EndProject
Project("{FAE04EC0-301F-11D3-BF4B-00C04F79EFBC}") = "P03_Fibonacci", "P03_Fibonacci\P03_Fibonacci.csproj", "{C6AC2C74-1630-4D7E-BF12-43D1302CCA46}"
EndProject
Global
	GlobalSection(SolutionConfigurationPlatforms) = preSolution
		Debug|Any CPU = Debug|Any CPU
		Release|Any CPU = Release|Any CPU
	EndGlobalSection
	GlobalSection(ProjectConfigurationPlatforms) = postSolution
		{F74CE465-91E3-49D4-AF14-B8782E5AD414}.Debug|Any CPU.ActiveCfg = Debug|Any CPU
		{F74CE465-91E3-49D4-AF14-B8782E5AD414}.Debug|Any CPU.Build.0 = Debug|Any CPU
		{F74CE465-91E3-49D4-AF14-B8782E5AD414}.Release|Any CPU.ActiveCfg = Release|Any CPU
		{F74CE465-91E3-49D4-AF14-B8782E5AD414}.Release|Any CPU.Build.0 = Release|Any CPU
		{FCD7DC4E-4A37-47B9-BF29-80356769179E}.Debug|Any CPU.ActiveCfg = Debug|Any CPU
		{FCD7DC4E-4A37-47B9-BF29-80356769179E}.Debug|Any CPU.Build.0 = Debug|Any CPU
		{FCD7DC4E-4A37-47B9-BF29-80356769179E}.Release|Any CPU.ActiveCfg = Release|Any CPU
		{FCD7DC4E-4A37-47B9-BF29-80356769179E}.Release|Any CPU.Build.0 = Release|Any CPU
		{C6AC2C74-1630-4D7E-BF12-43D1302CCA46}.Debug|Any CPU.ActiveCfg = Debug|Any CPU
		{C6AC2C74-1630-4D7E-BF12-43D1302CCA46}.Debug|Any CPU.Build.0 = Debug|Any CPU
		{C6AC2C74-1630-4D7E-BF12-43D1302CCA46}.Release|Any CPU.ActiveCfg = Release|Any CPU
		{C6AC2C74-1630-4D7E-BF12-43D1302CCA46}.Release|Any CPU.Build.0 = Release|Any CPU
	EndGlobalSection
	GlobalSection(SolutionProperties) = preSolution
		HideSolutionNode = FALSE
	EndGlobalSection
	GlobalSection(ExtensibilityGlobals) = postSolution
		SolutionGuid = {50C56B51-A2BD-4BDB-BDD0-3A334E563C9E}
	EndGlobalSection
EndGlobal
