
Microsoft Visual Studio Solution File, Format Version 12.00
# Visual Studio Version 16
VisualStudioVersion = 16.0.30621.155
MinimumVisualStudioVersion = 10.0.40219.1
Project("{FAE04EC0-301F-11D3-BF4B-00C04F79EFBC}") = "P01_Stack", "P01_Stack\P01_Stack.csproj", "{A2267DF4-1FB2-4B3D-95BC-7735E2CA1298}"
EndProject
Project("{FAE04EC0-301F-11D3-BF4B-00C04F79EFBC}") = "P02_Queue", "P02_Queue\P02_Queue.csproj", "{A8AACF5C-4628-4549-9C10-0F468EFCEAE6}"
EndProject
Project("{FAE04EC0-301F-11D3-BF4B-00C04F79EFBC}") = "P03_List", "P03_List\P03_List.csproj", "{DEDBD7B4-AD10-4505-A907-E64223818617}"
EndProject
Project("{FAE04EC0-301F-11D3-BF4B-00C04F79EFBC}") = "P04_ListExample", "P04_ListExample\P04_ListExample.csproj", "{807F8CA1-D9F4-498E-8100-184935979A53}"
EndProject
Project("{FAE04EC0-301F-11D3-BF4B-00C04F79EFBC}") = "P05_ListExampleLinq", "P05_ListExampleLinq\P05_ListExampleLinq.csproj", "{DCCE5274-108D-44D5-BB32-AA4F7D078F09}"
EndProject
Global
	GlobalSection(SolutionConfigurationPlatforms) = preSolution
		Debug|Any CPU = Debug|Any CPU
		Release|Any CPU = Release|Any CPU
	EndGlobalSection
	GlobalSection(ProjectConfigurationPlatforms) = postSolution
		{A2267DF4-1FB2-4B3D-95BC-7735E2CA1298}.Debug|Any CPU.ActiveCfg = Debug|Any CPU
		{A2267DF4-1FB2-4B3D-95BC-7735E2CA1298}.Debug|Any CPU.Build.0 = Debug|Any CPU
		{A2267DF4-1FB2-4B3D-95BC-7735E2CA1298}.Release|Any CPU.ActiveCfg = Release|Any CPU
		{A2267DF4-1FB2-4B3D-95BC-7735E2CA1298}.Release|Any CPU.Build.0 = Release|Any CPU
		{A8AACF5C-4628-4549-9C10-0F468EFCEAE6}.Debug|Any CPU.ActiveCfg = Debug|Any CPU
		{A8AACF5C-4628-4549-9C10-0F468EFCEAE6}.Debug|Any CPU.Build.0 = Debug|Any CPU
		{A8AACF5C-4628-4549-9C10-0F468EFCEAE6}.Release|Any CPU.ActiveCfg = Release|Any CPU
		{A8AACF5C-4628-4549-9C10-0F468EFCEAE6}.Release|Any CPU.Build.0 = Release|Any CPU
		{DEDBD7B4-AD10-4505-A907-E64223818617}.Debug|Any CPU.ActiveCfg = Debug|Any CPU
		{DEDBD7B4-AD10-4505-A907-E64223818617}.Debug|Any CPU.Build.0 = Debug|Any CPU
		{DEDBD7B4-AD10-4505-A907-E64223818617}.Release|Any CPU.ActiveCfg = Release|Any CPU
		{DEDBD7B4-AD10-4505-A907-E64223818617}.Release|Any CPU.Build.0 = Release|Any CPU
		{807F8CA1-D9F4-498E-8100-184935979A53}.Debug|Any CPU.ActiveCfg = Debug|Any CPU
		{807F8CA1-D9F4-498E-8100-184935979A53}.Debug|Any CPU.Build.0 = Debug|Any CPU
		{807F8CA1-D9F4-498E-8100-184935979A53}.Release|Any CPU.ActiveCfg = Release|Any CPU
		{807F8CA1-D9F4-498E-8100-184935979A53}.Release|Any CPU.Build.0 = Release|Any CPU
		{DCCE5274-108D-44D5-BB32-AA4F7D078F09}.Debug|Any CPU.ActiveCfg = Debug|Any CPU
		{DCCE5274-108D-44D5-BB32-AA4F7D078F09}.Debug|Any CPU.Build.0 = Debug|Any CPU
		{DCCE5274-108D-44D5-BB32-AA4F7D078F09}.Release|Any CPU.ActiveCfg = Release|Any CPU
		{DCCE5274-108D-44D5-BB32-AA4F7D078F09}.Release|Any CPU.Build.0 = Release|Any CPU
	EndGlobalSection
	GlobalSection(SolutionProperties) = preSolution
		HideSolutionNode = FALSE
	EndGlobalSection
	GlobalSection(ExtensibilityGlobals) = postSolution
		SolutionGuid = {97F3AFA1-4B58-4AF7-A51B-7970E0B40ABE}
	EndGlobalSection
EndGlobal
